# This file is automatically @generated by Cargo.
# It is not intended for manual editing.
[[package]]
name = "arrayref"
version = "0.3.6"
source = "registry+https://github.com/rust-lang/crates.io-index"
checksum = "a4c527152e37cf757a3f78aae5a06fbeefdb07ccc535c980a3208ee3060dd544"

[[package]]
name = "arrayvec"
version = "0.5.1"
source = "registry+https://github.com/rust-lang/crates.io-index"
checksum = "cff77d8686867eceff3105329d4698d96c2391c176d5d03adc90c7389162b5b8"

[[package]]
name = "autocfg"
version = "1.0.0"
source = "registry+https://github.com/rust-lang/crates.io-index"
checksum = "f8aac770f1885fd7e387acedd76065302551364496e46b3dd00860b2f8359b9d"

[[package]]
name = "base64"
version = "0.11.0"
source = "registry+https://github.com/rust-lang/crates.io-index"
checksum = "b41b7ea54a0c9d92199de89e20e58d49f02f8e699814ef3fdf266f6f748d15c7"

[[package]]
name = "bitflags"
version = "1.2.1"
source = "registry+https://github.com/rust-lang/crates.io-index"
checksum = "cf1de2fe8c75bc145a2f577add951f8134889b4795d47466a54a5c846d691693"

[[package]]
name = "blake2b_simd"
version = "0.5.10"
source = "registry+https://github.com/rust-lang/crates.io-index"
checksum = "d8fb2d74254a3a0b5cac33ac9f8ed0e44aa50378d9dbb2e5d83bd21ed1dc2c8a"
dependencies = [
 "arrayref",
 "arrayvec",
 "constant_time_eq",
]

[[package]]
name = "cassowary"
version = "0.3.0"
source = "registry+https://github.com/rust-lang/crates.io-index"
checksum = "df8670b8c7b9dae1793364eafadf7239c40d669904660c5960d74cfd80b46a53"

[[package]]
name = "cfg-if"
version = "0.1.10"
source = "registry+https://github.com/rust-lang/crates.io-index"
checksum = "4785bdd1c96b2a846b2bd7cc02e86b6b3dbf14e7e53446c4f54c92a361040822"

[[package]]
name = "chrono"
version = "0.4.11"
source = "registry+https://github.com/rust-lang/crates.io-index"
checksum = "80094f509cf8b5ae86a4966a39b3ff66cd7e2a3e594accec3743ff3fabeab5b2"
dependencies = [
 "num-integer",
 "num-traits",
 "time",
]

[[package]]
name = "constant_time_eq"
version = "0.1.5"
source = "registry+https://github.com/rust-lang/crates.io-index"
checksum = "245097e9a4535ee1e3e3931fcfcd55a796a44c643e8596ff6566d68f09b87bbc"

[[package]]
name = "crossbeam-utils"
version = "0.7.2"
source = "registry+https://github.com/rust-lang/crates.io-index"
checksum = "c3c7c73a2d1e9fc0886a08b93e98eb643461230d5f1925e4036204d5f2e261a8"
dependencies = [
 "autocfg",
 "cfg-if",
 "lazy_static",
]

[[package]]
name = "dirs"
version = "2.0.2"
source = "registry+https://github.com/rust-lang/crates.io-index"
checksum = "13aea89a5c93364a98e9b37b2fa237effbb694d5cfe01c5b70941f7eb087d5e3"
dependencies = [
 "cfg-if",
 "dirs-sys",
]

[[package]]
name = "dirs-sys"
version = "0.3.4"
source = "registry+https://github.com/rust-lang/crates.io-index"
checksum = "afa0b23de8fd801745c471deffa6e12d248f962c9fd4b4c33787b055599bde7b"
dependencies = [
 "cfg-if",
 "libc",
 "redox_users",
 "winapi",
]

[[package]]
name = "doc-comment"
version = "0.3.2"
source = "registry+https://github.com/rust-lang/crates.io-index"
checksum = "807e5847c39ad6a11eac66de492ed1406f76a260eb8656e8740cad9eabc69c27"

[[package]]
name = "either"
version = "1.5.3"
source = "registry+https://github.com/rust-lang/crates.io-index"
checksum = "bb1f6b1ce1c140482ea30ddd3335fc0024ac7ee112895426e0a629a6c20adfe3"

[[package]]
name = "generic-array"
version = "0.13.2"
source = "registry+https://github.com/rust-lang/crates.io-index"
checksum = "0ed1e761351b56f54eb9dcd0cfaca9fd0daecf93918e1cfc01c8a3d26ee7adcd"
dependencies = [
 "typenum",
]

[[package]]
name = "getrandom"
version = "0.1.14"
source = "registry+https://github.com/rust-lang/crates.io-index"
checksum = "7abc8dd8451921606d809ba32e95b6111925cd2906060d2dcc29c070220503eb"
dependencies = [
 "cfg-if",
 "libc",
 "wasi",
]

[[package]]
name = "itertools"
version = "0.8.2"
source = "registry+https://github.com/rust-lang/crates.io-index"
checksum = "f56a2d0bc861f9165be4eb3442afd3c236d8a98afd426f65d92324ae1091a484"
dependencies = [
 "either",
]

[[package]]
name = "lazy_static"
version = "1.4.0"
source = "registry+https://github.com/rust-lang/crates.io-index"
checksum = "e2abad23fbc42b3700f2f279844dc832adb2b2eb069b2df918f455c4e18cc646"

[[package]]
name = "libc"
version = "0.2.67"
source = "registry+https://github.com/rust-lang/crates.io-index"
checksum = "eb147597cdf94ed43ab7a9038716637d2d1bf2bc571da995d0028dec06bd3018"

[[package]]
name = "log"
version = "0.4.8"
source = "registry+https://github.com/rust-lang/crates.io-index"
checksum = "14b6052be84e6b71ab17edffc2eeabf5c2c3ae1fdb464aae35ac50c67a44e1f7"
dependencies = [
 "cfg-if",
]

[[package]]
name = "num-integer"
version = "0.1.42"
source = "registry+https://github.com/rust-lang/crates.io-index"
checksum = "3f6ea62e9d81a77cd3ee9a2a5b9b609447857f3d358704331e4ef39eb247fcba"
dependencies = [
 "autocfg",
 "num-traits",
]

[[package]]
name = "num-traits"
version = "0.2.11"
source = "registry+https://github.com/rust-lang/crates.io-index"
checksum = "c62be47e61d1842b9170f0fdeec8eba98e60e90e5446449a0545e5152acd7096"
dependencies = [
 "autocfg",
]

[[package]]
name = "numtoa"
version = "0.1.0"
source = "registry+https://github.com/rust-lang/crates.io-index"
checksum = "b8f8bdf33df195859076e54ab11ee78a1b208382d3a26ec40d142ffc1ecc49ef"

[[package]]
name = "once_cell"
version = "1.3.1"
source = "registry+https://github.com/rust-lang/crates.io-index"
checksum = "b1c601810575c99596d4afc46f78a678c80105117c379eb3650cf99b8a21ce5b"

[[package]]
name = "proc-macro2"
version = "1.0.9"
source = "registry+https://github.com/rust-lang/crates.io-index"
checksum = "6c09721c6781493a2a492a96b5a5bf19b65917fe6728884e7c44dd0c60ca3435"
dependencies = [
 "unicode-xid",
]

[[package]]
name = "quote"
version = "1.0.3"
source = "registry+https://github.com/rust-lang/crates.io-index"
checksum = "2bdc6c187c65bca4260c9011c9e3132efe4909da44726bad24cf7572ae338d7f"
dependencies = [
 "proc-macro2",
]

[[package]]
name = "redox_syscall"
version = "0.1.56"
source = "registry+https://github.com/rust-lang/crates.io-index"
checksum = "2439c63f3f6139d1b57529d16bc3b8bb855230c8efcc5d3a896c8bea7c3b1e84"

[[package]]
name = "redox_termios"
version = "0.1.1"
source = "registry+https://github.com/rust-lang/crates.io-index"
checksum = "7e891cfe48e9100a70a3b6eb652fef28920c117d366339687bd5576160db0f76"
dependencies = [
 "redox_syscall",
]

[[package]]
name = "redox_users"
version = "0.3.4"
source = "registry+https://github.com/rust-lang/crates.io-index"
checksum = "09b23093265f8d200fa7b4c2c76297f47e681c655f6f1285a8780d6a022f7431"
dependencies = [
 "getrandom",
 "redox_syscall",
 "rust-argon2",
]

[[package]]
name = "rust-argon2"
version = "0.7.0"
source = "registry+https://github.com/rust-lang/crates.io-index"
checksum = "2bc8af4bda8e1ff4932523b94d3dd20ee30a87232323eda55903ffd71d2fb017"
dependencies = [
 "base64",
 "blake2b_simd",
 "constant_time_eq",
 "crossbeam-utils",
]

[[package]]
name = "serde"
version = "1.0.104"
source = "registry+https://github.com/rust-lang/crates.io-index"
checksum = "414115f25f818d7dfccec8ee535d76949ae78584fc4f79a6f45a904bf8ab4449"

[[package]]
name = "serde_derive"
version = "1.0.104"
source = "registry+https://github.com/rust-lang/crates.io-index"
checksum = "128f9e303a5a29922045a830221b8f78ec74a5f544944f3d5984f8ec3895ef64"
dependencies = [
 "proc-macro2",
 "quote",
 "syn",
]

[[package]]
name = "smallvec"
version = "1.2.0"
source = "registry+https://github.com/rust-lang/crates.io-index"
checksum = "5c2fb2ec9bcd216a5b0d0ccf31ab17b5ed1d627960edff65bbe95d3ce221cefc"

[[package]]
name = "snafu"
version = "0.6.2"
source = "registry+https://github.com/rust-lang/crates.io-index"
checksum = "546db9181bce2aa22ed883c33d65603b76335b4c2533a98289f54265043de7a1"
dependencies = [
 "doc-comment",
 "snafu-derive",
]

[[package]]
name = "snafu-derive"
version = "0.6.2"
source = "registry+https://github.com/rust-lang/crates.io-index"
checksum = "bdc75da2e0323f297402fd9c8fdba709bb04e4c627cbe31d19a2c91fc8d9f0e2"
dependencies = [
 "proc-macro2",
 "quote",
 "syn",
]

[[package]]
name = "syn"
version = "1.0.16"
source = "registry+https://github.com/rust-lang/crates.io-index"
checksum = "123bd9499cfb380418d509322d7a6d52e5315f064fe4b3ad18a53d6b92c07859"
dependencies = [
 "proc-macro2",
 "quote",
 "unicode-xid",
]

[[package]]
name = "termion"
version = "1.5.5"
source = "registry+https://github.com/rust-lang/crates.io-index"
checksum = "c22cec9d8978d906be5ac94bceb5a010d885c626c4c8855721a4dbd20e3ac905"
dependencies = [
 "libc",
 "numtoa",
 "redox_syscall",
 "redox_termios",
]

[[package]]
name = "time"
version = "0.1.42"
source = "registry+https://github.com/rust-lang/crates.io-index"
checksum = "db8dcfca086c1143c9270ac42a2bbd8a7ee477b78ac8e45b19abfb0cbede4b6f"
dependencies = [
 "libc",
 "redox_syscall",
 "winapi",
]

[[package]]
name = "toml"
version = "0.5.6"
source = "registry+https://github.com/rust-lang/crates.io-index"
checksum = "ffc92d160b1eef40665be3a05630d003936a3bc7da7421277846c2613e92c71a"
dependencies = [
 "serde",
]

[[package]]
name = "tui"
version = "0.8.0"
source = "registry+https://github.com/rust-lang/crates.io-index"
checksum = "6b871b61f4c4b81e630215cd12e0ec29953d4545898e21a9e023b7520a74a9f9"
dependencies = [
 "bitflags",
 "cassowary",
 "either",
 "itertools",
 "log",
 "termion",
 "unicode-segmentation",
 "unicode-width",
]

[[package]]
name = "typenum"
version = "1.11.2"
source = "registry+https://github.com/rust-lang/crates.io-index"
checksum = "6d2783fe2d6b8c1101136184eb41be8b1ad379e4657050b8aaff0c79ee7575f9"

[[package]]
name = "unicode-segmentation"
version = "1.6.0"
source = "registry+https://github.com/rust-lang/crates.io-index"
checksum = "e83e153d1053cbb5a118eeff7fd5be06ed99153f00dbcd8ae310c5fb2b22edc0"

[[package]]
name = "unicode-width"
version = "0.1.7"
source = "registry+https://github.com/rust-lang/crates.io-index"
checksum = "caaa9d531767d1ff2150b9332433f32a24622147e5ebb1f26409d5da67afd479"

[[package]]
name = "unicode-xid"
version = "0.2.0"
source = "registry+https://github.com/rust-lang/crates.io-index"
checksum = "826e7639553986605ec5979c7dd957c7895e93eabed50ab2ffa7f6128a75097c"

[[package]]
name = "wasi"
version = "0.9.0+wasi-snapshot-preview1"
source = "registry+https://github.com/rust-lang/crates.io-index"
checksum = "cccddf32554fecc6acb585f82a32a72e28b48f8c4c1883ddfeeeaa96f7d8e519"

[[package]]
name = "winapi"
version = "0.3.8"
source = "registry+https://github.com/rust-lang/crates.io-index"
checksum = "8093091eeb260906a183e6ae1abdba2ef5ef2257a21801128899c3fc699229c6"
dependencies = [
 "winapi-i686-pc-windows-gnu",
 "winapi-x86_64-pc-windows-gnu",
]

[[package]]
name = "winapi-i686-pc-windows-gnu"
version = "0.4.0"
source = "registry+https://github.com/rust-lang/crates.io-index"
checksum = "ac3b87c63620426dd9b991e5ce0329eff545bccbbb34f3be09ff6fb6ab51b7b6"

[[package]]
name = "winapi-x86_64-pc-windows-gnu"
version = "0.4.0"
source = "registry+https://github.com/rust-lang/crates.io-index"
checksum = "712e227841d057c1ee1cd2fb22fa7e5a5461ae8e48fa2ca79ec42cfc1931183f"

[[package]]
name = "wpfxm"
version = "0.0.0"
dependencies = [
 "chrono",
 "dirs",
 "generic-array",
 "once_cell",
 "serde",
 "serde_derive",
 "smallvec",
 "snafu",
 "termion",
 "toml",
 "tui",
 "typenum",
]
